
Microsoft Visual Studio Solution File, Format Version 12.00
# Visual Studio 15
VisualStudioVersion = 15.0.28307.438
MinimumVisualStudioVersion = 10.0.40219.1
Project("{FAE04EC0-301F-11D3-BF4B-00C04F79EFBC}") = "Laptop Battery Warning System", "Laptop Battery Warning System\Laptop Battery Warning System.csproj", "{EFBE8405-974A-429A-8183-FCB7F30C6709}"
EndProject
Global
	GlobalSection(SolutionConfigurationPlatforms) = preSolution
		Debug|Any CPU = Debug|Any CPU
		Release|Any CPU = Release|Any CPU
	EndGlobalSection
	GlobalSection(ProjectConfigurationPlatforms) = postSolution
		{EFBE8405-974A-429A-8183-FCB7F30C6709}.Debug|Any CPU.ActiveCfg = Debug|Any CPU
		{EFBE8405-974A-429A-8183-FCB7F30C6709}.Debug|Any CPU.Build.0 = Debug|Any CPU
		{EFBE8405-974A-429A-8183-FCB7F30C6709}.Release|Any CPU.ActiveCfg = Release|Any CPU
		{EFBE8405-974A-429A-8183-FCB7F30C6709}.Release|Any CPU.Build.0 = Release|Any CPU
	EndGlobalSection
	GlobalSection(SolutionProperties) = preSolution
		HideSolutionNode = FALSE
	EndGlobalSection
	GlobalSection(ExtensibilityGlobals) = postSolution
		SolutionGuid = {B0963657-B9C5-4751-AC1C-0C9A7175B761}
	EndGlobalSection
EndGlobal
